
Microsoft Visual Studio Solution File, Format Version 12.00
# Visual Studio 14
VisualStudioVersion = 14.0.25420.1
MinimumVisualStudioVersion = 10.0.40219.1
Project("{8BC9CEB8-8B4A-11D0-8D11-00A0C91BC942}") = "EMTTest", "EMTTest.vcxproj", "{938B85B4-C1F7-4DFF-BC03-90E3FD014B26}"
EndProject
Project("{8BC9CEB8-8B4A-11D0-8D11-00A0C91BC942}") = "EMTPool", "EMTPool.vcxproj", "{1661CBBB-50AF-4F2A-9020-2DE1865708A3}"
EndProject
Project("{8BC9CEB8-8B4A-11D0-8D11-00A0C91BC942}") = "EMTIPC", "EMTIPC.vcxproj", "{E85C54CF-230C-44BE-A3FF-5CB315994AE7}"
EndProject
Global
	GlobalSection(SolutionConfigurationPlatforms) = preSolution
		Debug|x64 = Debug|x64
		Debug|x86 = Debug|x86
		Release|x64 = Release|x64
		Release|x86 = Release|x86
	EndGlobalSection
	GlobalSection(ProjectConfigurationPlatforms) = postSolution
		{938B85B4-C1F7-4DFF-BC03-90E3FD014B26}.Debug|x64.ActiveCfg = Debug|x64
		{938B85B4-C1F7-4DFF-BC03-90E3FD014B26}.Debug|x64.Build.0 = Debug|x64
		{938B85B4-C1F7-4DFF-BC03-90E3FD014B26}.Debug|x86.ActiveCfg = Debug|Win32
		{938B85B4-C1F7-4DFF-BC03-90E3FD014B26}.Debug|x86.Build.0 = Debug|Win32
		{938B85B4-C1F7-4DFF-BC03-90E3FD014B26}.Release|x64.ActiveCfg = Release|x64
		{938B85B4-C1F7-4DFF-BC03-90E3FD014B26}.Release|x64.Build.0 = Release|x64
		{938B85B4-C1F7-4DFF-BC03-90E3FD014B26}.Release|x86.ActiveCfg = Release|Win32
		{938B85B4-C1F7-4DFF-BC03-90E3FD014B26}.Release|x86.Build.0 = Release|Win32
		{1661CBBB-50AF-4F2A-9020-2DE1865708A3}.Debug|x64.ActiveCfg = Debug|x64
		{1661CBBB-50AF-4F2A-9020-2DE1865708A3}.Debug|x64.Build.0 = Debug|x64
		{1661CBBB-50AF-4F2A-9020-2DE1865708A3}.Debug|x86.ActiveCfg = Debug|Win32
		{1661CBBB-50AF-4F2A-9020-2DE1865708A3}.Debug|x86.Build.0 = Debug|Win32
		{1661CBBB-50AF-4F2A-9020-2DE1865708A3}.Release|x64.ActiveCfg = Release|x64
		{1661CBBB-50AF-4F2A-9020-2DE1865708A3}.Release|x64.Build.0 = Release|x64
		{1661CBBB-50AF-4F2A-9020-2DE1865708A3}.Release|x86.ActiveCfg = Release|Win32
		{1661CBBB-50AF-4F2A-9020-2DE1865708A3}.Release|x86.Build.0 = Release|Win32
		{E85C54CF-230C-44BE-A3FF-5CB315994AE7}.Debug|x64.ActiveCfg = Debug|x64
		{E85C54CF-230C-44BE-A3FF-5CB315994AE7}.Debug|x64.Build.0 = Debug|x64
		{E85C54CF-230C-44BE-A3FF-5CB315994AE7}.Debug|x86.ActiveCfg = Debug|Win32
		{E85C54CF-230C-44BE-A3FF-5CB315994AE7}.Debug|x86.Build.0 = Debug|Win32
		{E85C54CF-230C-44BE-A3FF-5CB315994AE7}.Release|x64.ActiveCfg = Release|x64
		{E85C54CF-230C-44BE-A3FF-5CB315994AE7}.Release|x64.Build.0 = Release|x64
		{E85C54CF-230C-44BE-A3FF-5CB315994AE7}.Release|x86.ActiveCfg = Release|Win32
		{E85C54CF-230C-44BE-A3FF-5CB315994AE7}.Release|x86.Build.0 = Release|Win32
	EndGlobalSection
	GlobalSection(SolutionProperties) = preSolution
		HideSolutionNode = FALSE
	EndGlobalSection
EndGlobal
